
Microsoft Visual Studio Solution File, Format Version 12.00
# Visual Studio 15
VisualStudioVersion = 15.0.26124.0
MinimumVisualStudioVersion = 15.0.26124.0
Project("{FAE04EC0-301F-11D3-BF4B-00C04F79EFBC}") = "FanSoft.CadTurmas.Api", "FanSoft.CadTurmas.Api\FanSoft.CadTurmas.Api.csproj", "{ACA434D3-8CEB-4D57-84E9-0E84E6D3FA6E}"
EndProject
Project("{FAE04EC0-301F-11D3-BF4B-00C04F79EFBC}") = "FanSoft.CadTurmas.Domain", "FanSoft.CadTurmas.Domain\FanSoft.CadTurmas.Domain.csproj", "{720ED72C-4497-4489-84EA-9D3930F0640F}"
EndProject
Project("{FAE04EC0-301F-11D3-BF4B-00C04F79EFBC}") = "FanSoft.CadTurmas.Data", "FanSoft.CadTurmas.Data\FanSoft.CadTurmas.Data.csproj", "{292BAA20-FBEC-42E4-BB1A-319B9EB94779}"
EndProject
Project("{FAE04EC0-301F-11D3-BF4B-00C04F79EFBC}") = "FanSoft.CadTurmas.CrossCutting", "FanSoft.CadTurmas.CrossCutting\FanSoft.CadTurmas.CrossCutting.csproj", "{EB8CB296-2982-4616-89F6-5152258F3570}"
EndProject
Global
	GlobalSection(SolutionConfigurationPlatforms) = preSolution
		Debug|Any CPU = Debug|Any CPU
		Debug|x64 = Debug|x64
		Debug|x86 = Debug|x86
		Release|Any CPU = Release|Any CPU
		Release|x64 = Release|x64
		Release|x86 = Release|x86
	EndGlobalSection
	GlobalSection(SolutionProperties) = preSolution
		HideSolutionNode = FALSE
	EndGlobalSection
	GlobalSection(ProjectConfigurationPlatforms) = postSolution
		{ACA434D3-8CEB-4D57-84E9-0E84E6D3FA6E}.Debug|Any CPU.ActiveCfg = Debug|Any CPU
		{ACA434D3-8CEB-4D57-84E9-0E84E6D3FA6E}.Debug|Any CPU.Build.0 = Debug|Any CPU
		{ACA434D3-8CEB-4D57-84E9-0E84E6D3FA6E}.Debug|x64.ActiveCfg = Debug|Any CPU
		{ACA434D3-8CEB-4D57-84E9-0E84E6D3FA6E}.Debug|x64.Build.0 = Debug|Any CPU
		{ACA434D3-8CEB-4D57-84E9-0E84E6D3FA6E}.Debug|x86.ActiveCfg = Debug|Any CPU
		{ACA434D3-8CEB-4D57-84E9-0E84E6D3FA6E}.Debug|x86.Build.0 = Debug|Any CPU
		{ACA434D3-8CEB-4D57-84E9-0E84E6D3FA6E}.Release|Any CPU.ActiveCfg = Release|Any CPU
		{ACA434D3-8CEB-4D57-84E9-0E84E6D3FA6E}.Release|Any CPU.Build.0 = Release|Any CPU
		{ACA434D3-8CEB-4D57-84E9-0E84E6D3FA6E}.Release|x64.ActiveCfg = Release|Any CPU
		{ACA434D3-8CEB-4D57-84E9-0E84E6D3FA6E}.Release|x64.Build.0 = Release|Any CPU
		{ACA434D3-8CEB-4D57-84E9-0E84E6D3FA6E}.Release|x86.ActiveCfg = Release|Any CPU
		{ACA434D3-8CEB-4D57-84E9-0E84E6D3FA6E}.Release|x86.Build.0 = Release|Any CPU
		{720ED72C-4497-4489-84EA-9D3930F0640F}.Debug|Any CPU.ActiveCfg = Debug|Any CPU
		{720ED72C-4497-4489-84EA-9D3930F0640F}.Debug|Any CPU.Build.0 = Debug|Any CPU
		{720ED72C-4497-4489-84EA-9D3930F0640F}.Debug|x64.ActiveCfg = Debug|Any CPU
		{720ED72C-4497-4489-84EA-9D3930F0640F}.Debug|x64.Build.0 = Debug|Any CPU
		{720ED72C-4497-4489-84EA-9D3930F0640F}.Debug|x86.ActiveCfg = Debug|Any CPU
		{720ED72C-4497-4489-84EA-9D3930F0640F}.Debug|x86.Build.0 = Debug|Any CPU
		{720ED72C-4497-4489-84EA-9D3930F0640F}.Release|Any CPU.ActiveCfg = Release|Any CPU
		{720ED72C-4497-4489-84EA-9D3930F0640F}.Release|Any CPU.Build.0 = Release|Any CPU
		{720ED72C-4497-4489-84EA-9D3930F0640F}.Release|x64.ActiveCfg = Release|Any CPU
		{720ED72C-4497-4489-84EA-9D3930F0640F}.Release|x64.Build.0 = Release|Any CPU
		{720ED72C-4497-4489-84EA-9D3930F0640F}.Release|x86.ActiveCfg = Release|Any CPU
		{720ED72C-4497-4489-84EA-9D3930F0640F}.Release|x86.Build.0 = Release|Any CPU
		{292BAA20-FBEC-42E4-BB1A-319B9EB94779}.Debug|Any CPU.ActiveCfg = Debug|Any CPU
		{292BAA20-FBEC-42E4-BB1A-319B9EB94779}.Debug|Any CPU.Build.0 = Debug|Any CPU
		{292BAA20-FBEC-42E4-BB1A-319B9EB94779}.Debug|x64.ActiveCfg = Debug|Any CPU
		{292BAA20-FBEC-42E4-BB1A-319B9EB94779}.Debug|x64.Build.0 = Debug|Any CPU
		{292BAA20-FBEC-42E4-BB1A-319B9EB94779}.Debug|x86.ActiveCfg = Debug|Any CPU
		{292BAA20-FBEC-42E4-BB1A-319B9EB94779}.Debug|x86.Build.0 = Debug|Any CPU
		{292BAA20-FBEC-42E4-BB1A-319B9EB94779}.Release|Any CPU.ActiveCfg = Release|Any CPU
		{292BAA20-FBEC-42E4-BB1A-319B9EB94779}.Release|Any CPU.Build.0 = Release|Any CPU
		{292BAA20-FBEC-42E4-BB1A-319B9EB94779}.Release|x64.ActiveCfg = Release|Any CPU
		{292BAA20-FBEC-42E4-BB1A-319B9EB94779}.Release|x64.Build.0 = Release|Any CPU
		{292BAA20-FBEC-42E4-BB1A-319B9EB94779}.Release|x86.ActiveCfg = Release|Any CPU
		{292BAA20-FBEC-42E4-BB1A-319B9EB94779}.Release|x86.Build.0 = Release|Any CPU
		{EB8CB296-2982-4616-89F6-5152258F3570}.Debug|Any CPU.ActiveCfg = Debug|Any CPU
		{EB8CB296-2982-4616-89F6-5152258F3570}.Debug|Any CPU.Build.0 = Debug|Any CPU
		{EB8CB296-2982-4616-89F6-5152258F3570}.Debug|x64.ActiveCfg = Debug|Any CPU
		{EB8CB296-2982-4616-89F6-5152258F3570}.Debug|x64.Build.0 = Debug|Any CPU
		{EB8CB296-2982-4616-89F6-5152258F3570}.Debug|x86.ActiveCfg = Debug|Any CPU
		{EB8CB296-2982-4616-89F6-5152258F3570}.Debug|x86.Build.0 = Debug|Any CPU
		{EB8CB296-2982-4616-89F6-5152258F3570}.Release|Any CPU.ActiveCfg = Release|Any CPU
		{EB8CB296-2982-4616-89F6-5152258F3570}.Release|Any CPU.Build.0 = Release|Any CPU
		{EB8CB296-2982-4616-89F6-5152258F3570}.Release|x64.ActiveCfg = Release|Any CPU
		{EB8CB296-2982-4616-89F6-5152258F3570}.Release|x64.Build.0 = Release|Any CPU
		{EB8CB296-2982-4616-89F6-5152258F3570}.Release|x86.ActiveCfg = Release|Any CPU
		{EB8CB296-2982-4616-89F6-5152258F3570}.Release|x86.Build.0 = Release|Any CPU
	EndGlobalSection
EndGlobal
